
Microsoft Visual Studio Solution File, Format Version 11.00
# Visual Studio 2010
Project("{FAE04EC0-301F-11D3-BF4B-00C04F79EFBC}") = "comictoolx", "comictoolx.csproj", "{5AB40AD5-FACC-44DF-A296-AF885D5637EF}"
EndProject
Global
	GlobalSection(SolutionConfigurationPlatforms) = preSolution
		Debug|Any CPU = Debug|Any CPU
		Release|Any CPU = Release|Any CPU
	EndGlobalSection
	GlobalSection(ProjectConfigurationPlatforms) = postSolution
		{5AB40AD5-FACC-44DF-A296-AF885D5637EF}.Debug|Any CPU.ActiveCfg = Debug|Any CPU
		{5AB40AD5-FACC-44DF-A296-AF885D5637EF}.Debug|Any CPU.Build.0 = Debug|Any CPU
		{5AB40AD5-FACC-44DF-A296-AF885D5637EF}.Release|Any CPU.ActiveCfg = Release|Any CPU
		{5AB40AD5-FACC-44DF-A296-AF885D5637EF}.Release|Any CPU.Build.0 = Release|Any CPU
	EndGlobalSection
	GlobalSection(MonoDevelopProperties) = preSolution
		StartupItem = comictoolx.csproj
	EndGlobalSection
EndGlobal
